<?xml version="1.0" encoding="utf-8"?>
<Project ToolsVersion="4.0" xmlns="http://schemas.microsoft.com/developer/msbuild/2003">
  <ItemGroup>
    <Filter Include="Pliki źródłowe">
      <UniqueIdentifier>{4FC737F1-C7A5-4376-A066-2A32D752A2FF}</UniqueIdentifier>
      <Extensions>cpp;c;cc;cxx;c++;cppm;ixx;def;odl;idl;hpj;bat;asm;asmx</Extensions>
    </Filter>
    <Filter Include="Pliki nagłówkowe">
      <UniqueIdentifier>{93995380-89BD-4b04-88EB-625FBE52EBFB}</UniqueIdentifier>
      <Extensions>h;hh;hpp;hxx;h++;hm;inl;inc;ipp;xsd</Extensions>
    </Filter>
    <Filter Include="Pliki zasobów">
      <UniqueIdentifier>{67DA6AB6-F800-4c08-8B7A-83BB121AAD01}</UniqueIdentifier>
      <Extensions>rc;ico;cur;bmp;dlg;rc2;rct;bin;rgs;gif;jpg;jpeg;jpe;resx;tiff;tif;png;wav;mfcribbon-ms</Extensions>
    </Filter>
    <Filter Include="Pliki nagłówkowe\pieces">
      <UniqueIdentifier>{6a17b892-a7a9-4d6b-bffe-55ef8e8e8ef9}</UniqueIdentifier>
    </Filter>
    <Filter Include="Pliki źródłowe\pieces">
      <UniqueIdentifier>{7c7cdf31-5bd1-481f-8571-c2ebb3278d7b}</UniqueIdentifier>
    </Filter>
    <Filter Include="Pliki nagłówkowe\state">
      <UniqueIdentifier>{31bcce2e-b0f4-443b-9be4-144bb03ce724}</UniqueIdentifier>
    </Filter>
    <Filter Include="Pliki źródłowe\state">
      <UniqueIdentifier>{65852ff9-ae3b-4349-8efa-f352be2f5313}</UniqueIdentifier>
    </Filter>
  </ItemGroup>
  <ItemGroup>
    <ClCompile Include="main.cpp">
      <Filter>Pliki źródłowe</Filter>
    </ClCompile>
    <ClCompile Include="pieces\PieceView.cpp">
      <Filter>Pliki źródłowe\pieces</Filter>
    </ClCompile>
    <ClCompile Include="Board.cpp">
      <Filter>Pliki źródłowe</Filter>
    </ClCompile>
    <ClCompile Include="Game.cpp">
      <Filter>Pliki źródłowe</Filter>
    </ClCompile>
    <ClCompile Include="AssetLoader.cpp">
      <Filter>Pliki źródłowe</Filter>
    </ClCompile>
    <ClCompile Include="pieces\PieceLogic.cpp">
      <Filter>Pliki źródłowe\pieces</Filter>
    </ClCompile>
    <ClCompile Include="pieces\Piece.cpp">
      <Filter>Pliki źródłowe\pieces</Filter>
    </ClCompile>
    <ClCompile Include="pieces\Rook.cpp">
      <Filter>Pliki źródłowe\pieces</Filter>
    </ClCompile>
    <ClCompile Include="pieces\Bishop.cpp">
      <Filter>Pliki źródłowe\pieces</Filter>
    </ClCompile>
    <ClCompile Include="pieces\Knight.cpp">
      <Filter>Pliki źródłowe\pieces</Filter>
    </ClCompile>
    <ClCompile Include="pieces\King.cpp">
      <Filter>Pliki źródłowe\pieces</Filter>
    </ClCompile>
    <ClCompile Include="pieces\Queen.cpp">
      <Filter>Pliki źródłowe\pieces</Filter>
    </ClCompile>
    <ClCompile Include="pieces\Pawn.cpp">
      <Filter>Pliki źródłowe\pieces</Filter>
    </ClCompile>
    <ClCompile Include="state\Player.cpp">
      <Filter>Pliki źródłowe\state</Filter>
    </ClCompile>
    <ClCompile Include="state\State.cpp">
      <Filter>Pliki źródłowe\state</Filter>
    </ClCompile>
    <ClCompile Include="TextRenderer.cpp">
      <Filter>Pliki źródłowe</Filter>
    </ClCompile>
  </ItemGroup>
  <ItemGroup>
    <ClInclude Include="pieces\PieceView.h">
      <Filter>Pliki nagłówkowe\pieces</Filter>
    </ClInclude>
    <ClInclude Include="cdef.h">
      <Filter>Pliki nagłówkowe</Filter>
    </ClInclude>
    <ClInclude Include="Board.h">
      <Filter>Pliki nagłówkowe</Filter>
    </ClInclude>
    <ClInclude Include="Game.h">
      <Filter>Pliki nagłówkowe</Filter>
    </ClInclude>
    <ClInclude Include="AssetLoader.h">
      <Filter>Pliki nagłówkowe</Filter>
    </ClInclude>
    <ClInclude Include="pieces\PieceLogic.h">
      <Filter>Pliki nagłówkowe\pieces</Filter>
    </ClInclude>
    <ClInclude Include="pieces\Piece.h">
      <Filter>Pliki nagłówkowe\pieces</Filter>
    </ClInclude>
    <ClInclude Include="pieces\Rook.h">
      <Filter>Pliki nagłówkowe\pieces</Filter>
    </ClInclude>
    <ClInclude Include="pieces\Bishop.h">
      <Filter>Pliki nagłówkowe\pieces</Filter>
    </ClInclude>
    <ClInclude Include="pieces\Knight.h">
      <Filter>Pliki nagłówkowe\pieces</Filter>
    </ClInclude>
    <ClInclude Include="pieces\King.h">
      <Filter>Pliki nagłówkowe\pieces</Filter>
    </ClInclude>
    <ClInclude Include="pieces\Queen.h">
      <Filter>Pliki nagłówkowe\pieces</Filter>
    </ClInclude>
    <ClInclude Include="pieces\Pawn.h">
      <Filter>Pliki nagłówkowe\pieces</Filter>
    </ClInclude>
    <ClInclude Include="state\Player.h">
      <Filter>Pliki nagłówkowe\state</Filter>
    </ClInclude>
    <ClInclude Include="state\State.h">
      <Filter>Pliki nagłówkowe\state</Filter>
    </ClInclude>
    <ClInclude Include="TextRenderer.h">
      <Filter>Pliki nagłówkowe</Filter>
    </ClInclude>
  </ItemGroup>
  <ItemGroup>
    <Font Include="assets\712_serif.ttf">
      <Filter>Pliki zasobów</Filter>
    </Font>
  </ItemGroup>
  <ItemGroup>
    <Image Include="assets\bishop.png">
      <Filter>Pliki zasobów</Filter>
    </Image>
    <Image Include="assets\horse.png">
      <Filter>Pliki zasobów</Filter>
    </Image>
    <Image Include="assets\king.png">
      <Filter>Pliki zasobów</Filter>
    </Image>
    <Image Include="assets\pawn.png">
      <Filter>Pliki zasobów</Filter>
    </Image>
    <Image Include="assets\queen.png">
      <Filter>Pliki zasobów</Filter>
    </Image>
    <Image Include="assets\rook.png">
      <Filter>Pliki zasobów</Filter>
    </Image>
  </ItemGroup>
  <ItemGroup>
    <None Include="todo.md">
      <Filter>Pliki zasobów</Filter>
    </None>
  </ItemGroup>
</Project>